
Microsoft Visual Studio Solution File, Format Version 12.00
# Visual Studio 15
VisualStudioVersion = 15.0.26730.15
MinimumVisualStudioVersion = 10.0.40219.1
Project("{8BC9CEB8-8B4A-11D0-8D11-00A0C91BC942}") = "NetworkAdapter", "NetworkAdapter\NetworkAdapter.vcxproj", "{30DB4CEA-F6C4-45D8-A6B7-27849CCDA79C}"
EndProject
Global
	GlobalSection(SolutionConfigurationPlatforms) = preSolution
		Debug|x64 = Debug|x64
		Debug|x86 = Debug|x86
		Release|x64 = Release|x64
		Release|x86 = Release|x86
	EndGlobalSection
	GlobalSection(ProjectConfigurationPlatforms) = postSolution
		{30DB4CEA-F6C4-45D8-A6B7-27849CCDA79C}.Debug|x64.ActiveCfg = Debug|x64
		{30DB4CEA-F6C4-45D8-A6B7-27849CCDA79C}.Debug|x64.Build.0 = Debug|x64
		{30DB4CEA-F6C4-45D8-A6B7-27849CCDA79C}.Debug|x86.ActiveCfg = Debug|Win32
		{30DB4CEA-F6C4-45D8-A6B7-27849CCDA79C}.Debug|x86.Build.0 = Debug|Win32
		{30DB4CEA-F6C4-45D8-A6B7-27849CCDA79C}.Release|x64.ActiveCfg = Release|x64
		{30DB4CEA-F6C4-45D8-A6B7-27849CCDA79C}.Release|x64.Build.0 = Release|x64
		{30DB4CEA-F6C4-45D8-A6B7-27849CCDA79C}.Release|x86.ActiveCfg = Release|Win32
		{30DB4CEA-F6C4-45D8-A6B7-27849CCDA79C}.Release|x86.Build.0 = Release|Win32
	EndGlobalSection
	GlobalSection(SolutionProperties) = preSolution
		HideSolutionNode = FALSE
	EndGlobalSection
	GlobalSection(ExtensibilityGlobals) = postSolution
		SolutionGuid = {735B9BAF-E167-49CE-9045-06418BAE8EBF}
	EndGlobalSection
EndGlobal
